// !$*UTF8*$!
{
	archiveVersion = 1;
	classes = {
	};
	objectVersion = 50;
	objects = {

/* Begin PBXBuildFile section */
		D200162F2565C21A00E6F39A /* UltimatePortfolioApp.swift in Sources */ = {isa = PBXBuildFile; fileRef = D200162E2565C21A00E6F39A /* UltimatePortfolioApp.swift */; };
		D20016312565C21A00E6F39A /* ContentView.swift in Sources */ = {isa = PBXBuildFile; fileRef = D20016302565C21A00E6F39A /* ContentView.swift */; };
		D20016332565C21C00E6F39A /* Assets.xcassets in Resources */ = {isa = PBXBuildFile; fileRef = D20016322565C21C00E6F39A /* Assets.xcassets */; };
		D20016362565C21C00E6F39A /* Preview Assets.xcassets in Resources */ = {isa = PBXBuildFile; fileRef = D20016352565C21C00E6F39A /* Preview Assets.xcassets */; };
		D20016402565C5B600E6F39A /* Main.xcdatamodeld in Sources */ = {isa = PBXBuildFile; fileRef = D200163E2565C5B600E6F39A /* Main.xcdatamodeld */; };
		D20016432565C73400E6F39A /* DataController.swift in Sources */ = {isa = PBXBuildFile; fileRef = D20016422565C73400E6F39A /* DataController.swift */; };
		D20016492565CCE700E6F39A /* CloudKit.framework in Frameworks */ = {isa = PBXBuildFile; fileRef = D20016482565CCE700E6F39A /* CloudKit.framework */; };
		D200164D2565CDC500E6F39A /* HomeView.swift in Sources */ = {isa = PBXBuildFile; fileRef = D200164C2565CDC500E6F39A /* HomeView.swift */; };
		D20016502565CE2900E6F39A /* ProjectsView.swift in Sources */ = {isa = PBXBuildFile; fileRef = D200164F2565CE2900E6F39A /* ProjectsView.swift */; };
		D20016532565D62C00E6F39A /* Item-CoreDataHelpers.swift in Sources */ = {isa = PBXBuildFile; fileRef = D20016522565D62C00E6F39A /* Item-CoreDataHelpers.swift */; };
		D20016562565D73800E6F39A /* Project-CoreDataHelpers.swift in Sources */ = {isa = PBXBuildFile; fileRef = D20016552565D73800E6F39A /* Project-CoreDataHelpers.swift */; };
		D20016592565DC1A00E6F39A /* EditItemView.swift in Sources */ = {isa = PBXBuildFile; fileRef = D20016582565DC1A00E6F39A /* EditItemView.swift */; };
		D200165C2565E09D00E6F39A /* ItemRowView.swift in Sources */ = {isa = PBXBuildFile; fileRef = D200165B2565E09D00E6F39A /* ItemRowView.swift */; };
		D200165F2565E21000E6F39A /* Binding-OnChange.swift in Sources */ = {isa = PBXBuildFile; fileRef = D200165E2565E21000E6F39A /* Binding-OnChange.swift */; };
		D20016622565E7AB00E6F39A /* ProjectHeaderView.swift in Sources */ = {isa = PBXBuildFile; fileRef = D20016612565E7AB00E6F39A /* ProjectHeaderView.swift */; };
		D20016652565E94200E6F39A /* Colors.xcassets in Resources */ = {isa = PBXBuildFile; fileRef = D20016642565E94200E6F39A /* Colors.xcassets */; };
		D20016682565EA1400E6F39A /* EditProjectView.swift in Sources */ = {isa = PBXBuildFile; fileRef = D20016672565EA1400E6F39A /* EditProjectView.swift */; };
		D2B73EE225662D50002876C7 /* Sequence-Sorting.swift in Sources */ = {isa = PBXBuildFile; fileRef = D2B73EE125662D50002876C7 /* Sequence-Sorting.swift */; };
		D2B73EE52566356A002876C7 /* SelectSomethingView.swift in Sources */ = {isa = PBXBuildFile; fileRef = D2B73EE42566356A002876C7 /* SelectSomethingView.swift */; };
		D2B73EE825663720002876C7 /* Bundle-Decodable.swift in Sources */ = {isa = PBXBuildFile; fileRef = D2B73EE725663720002876C7 /* Bundle-Decodable.swift */; };
		D2B73EEE25663AB9002876C7 /* Award.swift in Sources */ = {isa = PBXBuildFile; fileRef = D2B73EED25663AB9002876C7 /* Award.swift */; };
		D2B73EF125663BA0002876C7 /* AwardsView.swift in Sources */ = {isa = PBXBuildFile; fileRef = D2B73EF025663BA0002876C7 /* AwardsView.swift */; };
		D2CA100F259BCD0600632B9E /* Color-Additions.swift in Sources */ = {isa = PBXBuildFile; fileRef = D2CA100E259BCD0600632B9E /* Color-Additions.swift */; };
		D2D9A03B259BE01B00FA425A /* Localizable.strings in Resources */ = {isa = PBXBuildFile; fileRef = D2D9A03D259BE01B00FA425A /* Localizable.strings */; };
		D2D9A040259BE08900FA425A /* Localizable.stringsdict in Resources */ = {isa = PBXBuildFile; fileRef = D2D9A042259BE08900FA425A /* Localizable.stringsdict */; };
		D2D9A046259BE26200FA425A /* Awards.json in Resources */ = {isa = PBXBuildFile; fileRef = D2D9A048259BE26200FA425A /* Awards.json */; };
/* End PBXBuildFile section */

/* Begin PBXFileReference section */
		D200162B2565C21A00E6F39A /* UltimatePortfolio.app */ = {isa = PBXFileReference; explicitFileType = wrapper.application; includeInIndex = 0; path = UltimatePortfolio.app; sourceTree = BUILT_PRODUCTS_DIR; };
		D200162E2565C21A00E6F39A /* UltimatePortfolioApp.swift */ = {isa = PBXFileReference; lastKnownFileType = sourcecode.swift; path = UltimatePortfolioApp.swift; sourceTree = "<group>"; };
		D20016302565C21A00E6F39A /* ContentView.swift */ = {isa = PBXFileReference; lastKnownFileType = sourcecode.swift; path = ContentView.swift; sourceTree = "<group>"; };
		D20016322565C21C00E6F39A /* Assets.xcassets */ = {isa = PBXFileReference; lastKnownFileType = folder.assetcatalog; path = Assets.xcassets; sourceTree = "<group>"; };
		D20016352565C21C00E6F39A /* Preview Assets.xcassets */ = {isa = PBXFileReference; lastKnownFileType = folder.assetcatalog; path = "Preview Assets.xcassets"; sourceTree = "<group>"; };
		D20016372565C21C00E6F39A /* Info.plist */ = {isa = PBXFileReference; lastKnownFileType = text.plist.xml; path = Info.plist; sourceTree = "<group>"; };
		D200163F2565C5B600E6F39A /* Main.xcdatamodel */ = {isa = PBXFileReference; lastKnownFileType = wrapper.xcdatamodel; path = Main.xcdatamodel; sourceTree = "<group>"; };
		D20016422565C73400E6F39A /* DataController.swift */ = {isa = PBXFileReference; lastKnownFileType = sourcecode.swift; path = DataController.swift; sourceTree = "<group>"; };
		D20016452565CCCC00E6F39A /* UltimatePortfolio.entitlements */ = {isa = PBXFileReference; lastKnownFileType = text.plist.entitlements; path = UltimatePortfolio.entitlements; sourceTree = "<group>"; };
		D20016482565CCE700E6F39A /* CloudKit.framework */ = {isa = PBXFileReference; lastKnownFileType = wrapper.framework; name = CloudKit.framework; path = System/Library/Frameworks/CloudKit.framework; sourceTree = SDKROOT; };
		D200164C2565CDC500E6F39A /* HomeView.swift */ = {isa = PBXFileReference; lastKnownFileType = sourcecode.swift; path = HomeView.swift; sourceTree = "<group>"; };
		D200164F2565CE2900E6F39A /* ProjectsView.swift */ = {isa = PBXFileReference; lastKnownFileType = sourcecode.swift; path = ProjectsView.swift; sourceTree = "<group>"; };
		D20016522565D62C00E6F39A /* Item-CoreDataHelpers.swift */ = {isa = PBXFileReference; lastKnownFileType = sourcecode.swift; path = "Item-CoreDataHelpers.swift"; sourceTree = "<group>"; };
		D20016552565D73800E6F39A /* Project-CoreDataHelpers.swift */ = {isa = PBXFileReference; lastKnownFileType = sourcecode.swift; path = "Project-CoreDataHelpers.swift"; sourceTree = "<group>"; };
		D20016582565DC1A00E6F39A /* EditItemView.swift */ = {isa = PBXFileReference; lastKnownFileType = sourcecode.swift; path = EditItemView.swift; sourceTree = "<group>"; };
		D200165B2565E09D00E6F39A /* ItemRowView.swift */ = {isa = PBXFileReference; lastKnownFileType = sourcecode.swift; path = ItemRowView.swift; sourceTree = "<group>"; };
		D200165E2565E21000E6F39A /* Binding-OnChange.swift */ = {isa = PBXFileReference; lastKnownFileType = sourcecode.swift; path = "Binding-OnChange.swift"; sourceTree = "<group>"; };
		D20016612565E7AB00E6F39A /* ProjectHeaderView.swift */ = {isa = PBXFileReference; lastKnownFileType = sourcecode.swift; path = ProjectHeaderView.swift; sourceTree = "<group>"; };
		D20016642565E94200E6F39A /* Colors.xcassets */ = {isa = PBXFileReference; lastKnownFileType = folder.assetcatalog; path = Colors.xcassets; sourceTree = "<group>"; };
		D20016672565EA1400E6F39A /* EditProjectView.swift */ = {isa = PBXFileReference; lastKnownFileType = sourcecode.swift; path = EditProjectView.swift; sourceTree = "<group>"; };
		D2B73EE125662D50002876C7 /* Sequence-Sorting.swift */ = {isa = PBXFileReference; lastKnownFileType = sourcecode.swift; path = "Sequence-Sorting.swift"; sourceTree = "<group>"; };
		D2B73EE42566356A002876C7 /* SelectSomethingView.swift */ = {isa = PBXFileReference; lastKnownFileType = sourcecode.swift; path = SelectSomethingView.swift; sourceTree = "<group>"; };
		D2B73EE725663720002876C7 /* Bundle-Decodable.swift */ = {isa = PBXFileReference; lastKnownFileType = sourcecode.swift; path = "Bundle-Decodable.swift"; sourceTree = "<group>"; };
		D2B73EED25663AB9002876C7 /* Award.swift */ = {isa = PBXFileReference; lastKnownFileType = sourcecode.swift; path = Award.swift; sourceTree = "<group>"; };
		D2B73EF025663BA0002876C7 /* AwardsView.swift */ = {isa = PBXFileReference; lastKnownFileType = sourcecode.swift; path = AwardsView.swift; sourceTree = "<group>"; };
		D2CA100E259BCD0600632B9E /* Color-Additions.swift */ = {isa = PBXFileReference; lastKnownFileType = sourcecode.swift; path = "Color-Additions.swift"; sourceTree = "<group>"; };
		D2D9A03C259BE01B00FA425A /* en */ = {isa = PBXFileReference; lastKnownFileType = text.plist.strings; name = en; path = en.lproj/Localizable.strings; sourceTree = "<group>"; };
		D2D9A03F259BE03100FA425A /* hu */ = {isa = PBXFileReference; lastKnownFileType = text.plist.strings; name = hu; path = hu.lproj/Localizable.strings; sourceTree = "<group>"; };
		D2D9A041259BE08900FA425A /* en */ = {isa = PBXFileReference; lastKnownFileType = text.plist.stringsdict; name = en; path = en.lproj/Localizable.stringsdict; sourceTree = "<group>"; };
		D2D9A044259BE09A00FA425A /* hu */ = {isa = PBXFileReference; lastKnownFileType = text.plist.stringsdict; name = hu; path = hu.lproj/Localizable.stringsdict; sourceTree = "<group>"; };
		D2D9A047259BE26200FA425A /* en */ = {isa = PBXFileReference; lastKnownFileType = text.json; name = en; path = en.lproj/Awards.json; sourceTree = "<group>"; };
		D2D9A04A259BE26700FA425A /* hu */ = {isa = PBXFileReference; lastKnownFileType = text.json; name = hu; path = hu.lproj/Awards.json; sourceTree = "<group>"; };
/* End PBXFileReference section */

/* Begin PBXFrameworksBuildPhase section */
		D20016282565C21A00E6F39A /* Frameworks */ = {
			isa = PBXFrameworksBuildPhase;
			buildActionMask = 2147483647;
			files = (
				D20016492565CCE700E6F39A /* CloudKit.framework in Frameworks */,
			);
			runOnlyForDeploymentPostprocessing = 0;
		};
/* End PBXFrameworksBuildPhase section */

/* Begin PBXGroup section */
		D20016222565C21A00E6F39A = {
			isa = PBXGroup;
			children = (
				D2D9A048259BE26200FA425A /* Awards.json */,
				D200162D2565C21A00E6F39A /* UltimatePortfolio */,
				D200162C2565C21A00E6F39A /* Products */,
				D20016472565CCE700E6F39A /* Frameworks */,
			);
			sourceTree = "<group>";
		};
		D200162C2565C21A00E6F39A /* Products */ = {
			isa = PBXGroup;
			children = (
				D200162B2565C21A00E6F39A /* UltimatePortfolio.app */,
			);
			name = Products;
			sourceTree = "<group>";
		};
		D200162D2565C21A00E6F39A /* UltimatePortfolio */ = {
			isa = PBXGroup;
			children = (
				D20016452565CCCC00E6F39A /* UltimatePortfolio.entitlements */,
				D2B73EF025663BA0002876C7 /* AwardsView.swift */,
				D200162E2565C21A00E6F39A /* UltimatePortfolioApp.swift */,
				D20016612565E7AB00E6F39A /* ProjectHeaderView.swift */,
				D20016672565EA1400E6F39A /* EditProjectView.swift */,
				D20016642565E94200E6F39A /* Colors.xcassets */,
				D20016302565C21A00E6F39A /* ContentView.swift */,
				D20016582565DC1A00E6F39A /* EditItemView.swift */,
				D20016522565D62C00E6F39A /* Item-CoreDataHelpers.swift */,
				D20016552565D73800E6F39A /* Project-CoreDataHelpers.swift */,
				D200164C2565CDC500E6F39A /* HomeView.swift */,
				D200164F2565CE2900E6F39A /* ProjectsView.swift */,
				D2B73EE725663720002876C7 /* Bundle-Decodable.swift */,
				D2B73EED25663AB9002876C7 /* Award.swift */,
				D2B73EE42566356A002876C7 /* SelectSomethingView.swift */,
				D2B73EE125662D50002876C7 /* Sequence-Sorting.swift */,
				D200165E2565E21000E6F39A /* Binding-OnChange.swift */,
				D200165B2565E09D00E6F39A /* ItemRowView.swift */,
				D200163E2565C5B600E6F39A /* Main.xcdatamodeld */,
				D20016422565C73400E6F39A /* DataController.swift */,
				D20016322565C21C00E6F39A /* Assets.xcassets */,
				D20016372565C21C00E6F39A /* Info.plist */,
				D20016342565C21C00E6F39A /* Preview Content */,
				D2CA100E259BCD0600632B9E /* Color-Additions.swift */,
				D2D9A03D259BE01B00FA425A /* Localizable.strings */,
				D2D9A042259BE08900FA425A /* Localizable.stringsdict */,
			);
			path = UltimatePortfolio;
			sourceTree = "<group>";
		};
		D20016342565C21C00E6F39A /* Preview Content */ = {
			isa = PBXGroup;
			children = (
				D20016352565C21C00E6F39A /* Preview Assets.xcassets */,
			);
			path = "Preview Content";
			sourceTree = "<group>";
		};
		D20016472565CCE700E6F39A /* Frameworks */ = {
			isa = PBXGroup;
			children = (
				D20016482565CCE700E6F39A /* CloudKit.framework */,
			);
			name = Frameworks;
			sourceTree = "<group>";
		};
/* End PBXGroup section */

/* Begin PBXNativeTarget section */
		D200162A2565C21A00E6F39A /* UltimatePortfolio */ = {
			isa = PBXNativeTarget;
			buildConfigurationList = D200163A2565C21C00E6F39A /* Build configuration list for PBXNativeTarget "UltimatePortfolio" */;
			buildPhases = (
				D20016272565C21A00E6F39A /* Sources */,
				D20016282565C21A00E6F39A /* Frameworks */,
				D20016292565C21A00E6F39A /* Resources */,
			);
			buildRules = (
			);
			dependencies = (
			);
			name = UltimatePortfolio;
			productName = UltimatePortfolio;
			productReference = D200162B2565C21A00E6F39A /* UltimatePortfolio.app */;
			productType = "com.apple.product-type.application";
		};
/* End PBXNativeTarget section */

/* Begin PBXProject section */
		D20016232565C21A00E6F39A /* Project object */ = {
			isa = PBXProject;
			attributes = {
				LastSwiftUpdateCheck = 1220;
				LastUpgradeCheck = 1230;
				TargetAttributes = {
					D200162A2565C21A00E6F39A = {
						CreatedOnToolsVersion = 12.2;
					};
				};
			};
			buildConfigurationList = D20016262565C21A00E6F39A /* Build configuration list for PBXProject "UltimatePortfolio" */;
			compatibilityVersion = "Xcode 9.3";
			developmentRegion = en;
			hasScannedForEncodings = 0;
			knownRegions = (
				en,
				Base,
				hu,
			);
			mainGroup = D20016222565C21A00E6F39A;
			productRefGroup = D200162C2565C21A00E6F39A /* Products */;
			projectDirPath = "";
			projectRoot = "";
			targets = (
				D200162A2565C21A00E6F39A /* UltimatePortfolio */,
			);
		};
/* End PBXProject section */

/* Begin PBXResourcesBuildPhase section */
		D20016292565C21A00E6F39A /* Resources */ = {
			isa = PBXResourcesBuildPhase;
			buildActionMask = 2147483647;
			files = (
				D2D9A03B259BE01B00FA425A /* Localizable.strings in Resources */,
				D20016652565E94200E6F39A /* Colors.xcassets in Resources */,
				D2D9A046259BE26200FA425A /* Awards.json in Resources */,
				D20016362565C21C00E6F39A /* Preview Assets.xcassets in Resources */,
				D20016332565C21C00E6F39A /* Assets.xcassets in Resources */,
				D2D9A040259BE08900FA425A /* Localizable.stringsdict in Resources */,
			);
			runOnlyForDeploymentPostprocessing = 0;
		};
/* End PBXResourcesBuildPhase section */

/* Begin PBXSourcesBuildPhase section */
		D20016272565C21A00E6F39A /* Sources */ = {
			isa = PBXSourcesBuildPhase;
			buildActionMask = 2147483647;
			files = (
				D20016502565CE2900E6F39A /* ProjectsView.swift in Sources */,
				D20016622565E7AB00E6F39A /* ProjectHeaderView.swift in Sources */,
				D2B73EF125663BA0002876C7 /* AwardsView.swift in Sources */,
				D20016402565C5B600E6F39A /* Main.xcdatamodeld in Sources */,
				D20016562565D73800E6F39A /* Project-CoreDataHelpers.swift in Sources */,
				D2CA100F259BCD0600632B9E /* Color-Additions.swift in Sources */,
				D20016682565EA1400E6F39A /* EditProjectView.swift in Sources */,
				D20016432565C73400E6F39A /* DataController.swift in Sources */,
				D2B73EE52566356A002876C7 /* SelectSomethingView.swift in Sources */,
				D2B73EEE25663AB9002876C7 /* Award.swift in Sources */,
				D200165C2565E09D00E6F39A /* ItemRowView.swift in Sources */,
				D20016312565C21A00E6F39A /* ContentView.swift in Sources */,
				D200165F2565E21000E6F39A /* Binding-OnChange.swift in Sources */,
				D2B73EE225662D50002876C7 /* Sequence-Sorting.swift in Sources */,
				D2B73EE825663720002876C7 /* Bundle-Decodable.swift in Sources */,
				D200164D2565CDC500E6F39A /* HomeView.swift in Sources */,
				D200162F2565C21A00E6F39A /* UltimatePortfolioApp.swift in Sources */,
				D20016532565D62C00E6F39A /* Item-CoreDataHelpers.swift in Sources */,
				D20016592565DC1A00E6F39A /* EditItemView.swift in Sources */,
			);
			runOnlyForDeploymentPostprocessing = 0;
		};
/* End PBXSourcesBuildPhase section */

/* Begin PBXVariantGroup section */
		D2D9A03D259BE01B00FA425A /* Localizable.strings */ = {
			isa = PBXVariantGroup;
			children = (
				D2D9A03C259BE01B00FA425A /* en */,
				D2D9A03F259BE03100FA425A /* hu */,
			);
			name = Localizable.strings;
			sourceTree = "<group>";
		};
		D2D9A042259BE08900FA425A /* Localizable.stringsdict */ = {
			isa = PBXVariantGroup;
			children = (
				D2D9A041259BE08900FA425A /* en */,
				D2D9A044259BE09A00FA425A /* hu */,
			);
			name = Localizable.stringsdict;
			sourceTree = "<group>";
		};
		D2D9A048259BE26200FA425A /* Awards.json */ = {
			isa = PBXVariantGroup;
			children = (
				D2D9A047259BE26200FA425A /* en */,
				D2D9A04A259BE26700FA425A /* hu */,
			);
			name = Awards.json;
			sourceTree = "<group>";
		};
/* End PBXVariantGroup section */

/* Begin XCBuildConfiguration section */
		D20016382565C21C00E6F39A /* Debug */ = {
			isa = XCBuildConfiguration;
			buildSettings = {
				ALWAYS_SEARCH_USER_PATHS = NO;
				CLANG_ANALYZER_LOCALIZABILITY_NONLOCALIZED = YES;
				CLANG_ANALYZER_NONNULL = YES;
				CLANG_ANALYZER_NUMBER_OBJECT_CONVERSION = YES_AGGRESSIVE;
				CLANG_CXX_LANGUAGE_STANDARD = "gnu++14";
				CLANG_CXX_LIBRARY = "libc++";
				CLANG_ENABLE_MODULES = YES;
				CLANG_ENABLE_OBJC_ARC = YES;
				CLANG_ENABLE_OBJC_WEAK = YES;
				CLANG_WARN_BLOCK_CAPTURE_AUTORELEASING = YES;
				CLANG_WARN_BOOL_CONVERSION = YES;
				CLANG_WARN_COMMA = YES;
				CLANG_WARN_CONSTANT_CONVERSION = YES;
				CLANG_WARN_DEPRECATED_OBJC_IMPLEMENTATIONS = YES;
				CLANG_WARN_DIRECT_OBJC_ISA_USAGE = YES_ERROR;
				CLANG_WARN_DOCUMENTATION_COMMENTS = YES;
				CLANG_WARN_EMPTY_BODY = YES;
				CLANG_WARN_ENUM_CONVERSION = YES;
				CLANG_WARN_INFINITE_RECURSION = YES;
				CLANG_WARN_INT_CONVERSION = YES;
				CLANG_WARN_NON_LITERAL_NULL_CONVERSION = YES;
				CLANG_WARN_OBJC_IMPLICIT_RETAIN_SELF = YES;
				CLANG_WARN_OBJC_LITERAL_CONVERSION = YES;
				CLANG_WARN_OBJC_ROOT_CLASS = YES_ERROR;
				CLANG_WARN_QUOTED_INCLUDE_IN_FRAMEWORK_HEADER = YES;
				CLANG_WARN_RANGE_LOOP_ANALYSIS = YES;
				CLANG_WARN_STRICT_PROTOTYPES = YES;
				CLANG_WARN_SUSPICIOUS_MOVE = YES;
				CLANG_WARN_UNGUARDED_AVAILABILITY = YES_AGGRESSIVE;
				CLANG_WARN_UNREACHABLE_CODE = YES;
				CLANG_WARN__DUPLICATE_METHOD_MATCH = YES;
				COPY_PHASE_STRIP = NO;
				DEBUG_INFORMATION_FORMAT = dwarf;
				ENABLE_STRICT_OBJC_MSGSEND = YES;
				ENABLE_TESTABILITY = YES;
				GCC_C_LANGUAGE_STANDARD = gnu11;
				GCC_DYNAMIC_NO_PIC = NO;
				GCC_NO_COMMON_BLOCKS = YES;
				GCC_OPTIMIZATION_LEVEL = 0;
				GCC_PREPROCESSOR_DEFINITIONS = (
					"DEBUG=1",
					"$(inherited)",
				);
				GCC_WARN_64_TO_32_BIT_CONVERSION = YES;
				GCC_WARN_ABOUT_RETURN_TYPE = YES_ERROR;
				GCC_WARN_UNDECLARED_SELECTOR = YES;
				GCC_WARN_UNINITIALIZED_AUTOS = YES_AGGRESSIVE;
				GCC_WARN_UNUSED_FUNCTION = YES;
				GCC_WARN_UNUSED_VARIABLE = YES;
				IPHONEOS_DEPLOYMENT_TARGET = 14.2;
				MTL_ENABLE_DEBUG_INFO = INCLUDE_SOURCE;
				MTL_FAST_MATH = YES;
				ONLY_ACTIVE_ARCH = YES;
				SDKROOT = iphoneos;
				SWIFT_ACTIVE_COMPILATION_CONDITIONS = DEBUG;
				SWIFT_OPTIMIZATION_LEVEL = "-Onone";
			};
			name = Debug;
		};
		D20016392565C21C00E6F39A /* Release */ = {
			isa = XCBuildConfiguration;
			buildSettings = {
				ALWAYS_SEARCH_USER_PATHS = NO;
				CLANG_ANALYZER_LOCALIZABILITY_NONLOCALIZED = YES;
				CLANG_ANALYZER_NONNULL = YES;
				CLANG_ANALYZER_NUMBER_OBJECT_CONVERSION = YES_AGGRESSIVE;
				CLANG_CXX_LANGUAGE_STANDARD = "gnu++14";
				CLANG_CXX_LIBRARY = "libc++";
				CLANG_ENABLE_MODULES = YES;
				CLANG_ENABLE_OBJC_ARC = YES;
				CLANG_ENABLE_OBJC_WEAK = YES;
				CLANG_WARN_BLOCK_CAPTURE_AUTORELEASING = YES;
				CLANG_WARN_BOOL_CONVERSION = YES;
				CLANG_WARN_COMMA = YES;
				CLANG_WARN_CONSTANT_CONVERSION = YES;
				CLANG_WARN_DEPRECATED_OBJC_IMPLEMENTATIONS = YES;
				CLANG_WARN_DIRECT_OBJC_ISA_USAGE = YES_ERROR;
				CLANG_WARN_DOCUMENTATION_COMMENTS = YES;
				CLANG_WARN_EMPTY_BODY = YES;
				CLANG_WARN_ENUM_CONVERSION = YES;
				CLANG_WARN_INFINITE_RECURSION = YES;
				CLANG_WARN_INT_CONVERSION = YES;
				CLANG_WARN_NON_LITERAL_NULL_CONVERSION = YES;
				CLANG_WARN_OBJC_IMPLICIT_RETAIN_SELF = YES;
				CLANG_WARN_OBJC_LITERAL_CONVERSION = YES;
				CLANG_WARN_OBJC_ROOT_CLASS = YES_ERROR;
				CLANG_WARN_QUOTED_INCLUDE_IN_FRAMEWORK_HEADER = YES;
				CLANG_WARN_RANGE_LOOP_ANALYSIS = YES;
				CLANG_WARN_STRICT_PROTOTYPES = YES;
				CLANG_WARN_SUSPICIOUS_MOVE = YES;
				CLANG_WARN_UNGUARDED_AVAILABILITY = YES_AGGRESSIVE;
				CLANG_WARN_UNREACHABLE_CODE = YES;
				CLANG_WARN__DUPLICATE_METHOD_MATCH = YES;
				COPY_PHASE_STRIP = NO;
				DEBUG_INFORMATION_FORMAT = "dwarf-with-dsym";
				ENABLE_NS_ASSERTIONS = NO;
				ENABLE_STRICT_OBJC_MSGSEND = YES;
				GCC_C_LANGUAGE_STANDARD = gnu11;
				GCC_NO_COMMON_BLOCKS = YES;
				GCC_WARN_64_TO_32_BIT_CONVERSION = YES;
				GCC_WARN_ABOUT_RETURN_TYPE = YES_ERROR;
				GCC_WARN_UNDECLARED_SELECTOR = YES;
				GCC_WARN_UNINITIALIZED_AUTOS = YES_AGGRESSIVE;
				GCC_WARN_UNUSED_FUNCTION = YES;
				GCC_WARN_UNUSED_VARIABLE = YES;
				IPHONEOS_DEPLOYMENT_TARGET = 14.2;
				MTL_ENABLE_DEBUG_INFO = NO;
				MTL_FAST_MATH = YES;
				SDKROOT = iphoneos;
				SWIFT_COMPILATION_MODE = wholemodule;
				SWIFT_OPTIMIZATION_LEVEL = "-O";
				VALIDATE_PRODUCT = YES;
			};
			name = Release;
		};
		D200163B2565C21C00E6F39A /* Debug */ = {
			isa = XCBuildConfiguration;
			buildSettings = {
				ASSETCATALOG_COMPILER_APPICON_NAME = AppIcon;
				ASSETCATALOG_COMPILER_GLOBAL_ACCENT_COLOR_NAME = AccentColor;
				CODE_SIGN_ENTITLEMENTS = UltimatePortfolio/UltimatePortfolio.entitlements;
				CODE_SIGN_STYLE = Automatic;
				DEVELOPMENT_ASSET_PATHS = "\"UltimatePortfolio/Preview Content\"";
				DEVELOPMENT_TEAM = Z37LHNHLJ3;
				ENABLE_PREVIEWS = YES;
				INFOPLIST_FILE = UltimatePortfolio/Info.plist;
				IPHONEOS_DEPLOYMENT_TARGET = 14.0;
				LD_RUNPATH_SEARCH_PATHS = (
					"$(inherited)",
					"@executable_path/Frameworks",
				);
				PRODUCT_BUNDLE_IDENTIFIER = com.scottswezey.UltimatePortfolio;
				PRODUCT_NAME = "$(TARGET_NAME)";
				SWIFT_VERSION = 5.0;
				TARGETED_DEVICE_FAMILY = "1,2";
			};
			name = Debug;
		};
		D200163C2565C21C00E6F39A /* Release */ = {
			isa = XCBuildConfiguration;
			buildSettings = {
				ASSETCATALOG_COMPILER_APPICON_NAME = AppIcon;
				ASSETCATALOG_COMPILER_GLOBAL_ACCENT_COLOR_NAME = AccentColor;
				CODE_SIGN_ENTITLEMENTS = UltimatePortfolio/UltimatePortfolio.entitlements;
				CODE_SIGN_STYLE = Automatic;
				DEVELOPMENT_ASSET_PATHS = "\"UltimatePortfolio/Preview Content\"";
				DEVELOPMENT_TEAM = Z37LHNHLJ3;
				ENABLE_PREVIEWS = YES;
				INFOPLIST_FILE = UltimatePortfolio/Info.plist;
				IPHONEOS_DEPLOYMENT_TARGET = 14.0;
				LD_RUNPATH_SEARCH_PATHS = (
					"$(inherited)",
					"@executable_path/Frameworks",
				);
				PRODUCT_BUNDLE_IDENTIFIER = com.scottswezey.UltimatePortfolio;
				PRODUCT_NAME = "$(TARGET_NAME)";
				SWIFT_VERSION = 5.0;
				TARGETED_DEVICE_FAMILY = "1,2";
			};
			name = Release;
		};
/* End XCBuildConfiguration section */

/* Begin XCConfigurationList section */
		D20016262565C21A00E6F39A /* Build configuration list for PBXProject "UltimatePortfolio" */ = {
			isa = XCConfigurationList;
			buildConfigurations = (
				D20016382565C21C00E6F39A /* Debug */,
				D20016392565C21C00E6F39A /* Release */,
			);
			defaultConfigurationIsVisible = 0;
			defaultConfigurationName = Release;
		};
		D200163A2565C21C00E6F39A /* Build configuration list for PBXNativeTarget "UltimatePortfolio" */ = {
			isa = XCConfigurationList;
			buildConfigurations = (
				D200163B2565C21C00E6F39A /* Debug */,
				D200163C2565C21C00E6F39A /* Release */,
			);
			defaultConfigurationIsVisible = 0;
			defaultConfigurationName = Release;
		};
/* End XCConfigurationList section */

/* Begin XCVersionGroup section */
		D200163E2565C5B600E6F39A /* Main.xcdatamodeld */ = {
			isa = XCVersionGroup;
			children = (
				D200163F2565C5B600E6F39A /* Main.xcdatamodel */,
			);
			currentVersion = D200163F2565C5B600E6F39A /* Main.xcdatamodel */;
			path = Main.xcdatamodeld;
			sourceTree = "<group>";
			versionGroupType = wrapper.xcdatamodel;
		};
/* End XCVersionGroup section */
	};
	rootObject = D20016232565C21A00E6F39A /* Project object */;
}
